
Microsoft Visual Studio Solution File, Format Version 12.00
Project("{2150E333-8FDC-42A3-9474-1A3956D46DE8}") = "Source", "Source", "{6A932D3B-DD66-46A4-AA4B-5D43DF1B575A}"
EndProject
Project("{2150E333-8FDC-42A3-9474-1A3956D46DE8}") = "Tests", "Tests", "{5E99E6DB-ABB7-4F5A-B12F-0D93026816DA}"
EndProject
Project("{FAE04EC0-301F-11D3-BF4B-00C04F79EFBC}") = "Query.Shaper.Tests", "Query.Shaper.Tests\Query.Shaper.Tests.csproj", "{73E8F7ED-2FAF-40F5-944A-7C32CFF16016}"
EndProject
Project("{FAE04EC0-301F-11D3-BF4B-00C04F79EFBC}") = "Query.Shaper", "Query.Shaper\Query.Shaper.csproj", "{1DC4D220-3EC0-492D-A823-E621420C7E74}"
EndProject
Global
	GlobalSection(SolutionConfigurationPlatforms) = preSolution
		Debug|Any CPU = Debug|Any CPU
		Release|Any CPU = Release|Any CPU
	EndGlobalSection
	GlobalSection(ProjectConfigurationPlatforms) = postSolution
		{73E8F7ED-2FAF-40F5-944A-7C32CFF16016}.Debug|Any CPU.ActiveCfg = Debug|Any CPU
		{73E8F7ED-2FAF-40F5-944A-7C32CFF16016}.Debug|Any CPU.Build.0 = Debug|Any CPU
		{73E8F7ED-2FAF-40F5-944A-7C32CFF16016}.Release|Any CPU.ActiveCfg = Release|Any CPU
		{73E8F7ED-2FAF-40F5-944A-7C32CFF16016}.Release|Any CPU.Build.0 = Release|Any CPU
		{1DC4D220-3EC0-492D-A823-E621420C7E74}.Debug|Any CPU.ActiveCfg = Debug|Any CPU
		{1DC4D220-3EC0-492D-A823-E621420C7E74}.Debug|Any CPU.Build.0 = Debug|Any CPU
		{1DC4D220-3EC0-492D-A823-E621420C7E74}.Release|Any CPU.ActiveCfg = Release|Any CPU
		{1DC4D220-3EC0-492D-A823-E621420C7E74}.Release|Any CPU.Build.0 = Release|Any CPU
	EndGlobalSection
	GlobalSection(NestedProjects) = preSolution
		{73E8F7ED-2FAF-40F5-944A-7C32CFF16016} = {5E99E6DB-ABB7-4F5A-B12F-0D93026816DA}
		{1DC4D220-3EC0-492D-A823-E621420C7E74} = {6A932D3B-DD66-46A4-AA4B-5D43DF1B575A}
	EndGlobalSection
EndGlobal
